
Microsoft Visual Studio Solution File, Format Version 12.00
# Visual Studio Version 16
VisualStudioVersion = 16.0.33027.164
MinimumVisualStudioVersion = 10.0.40219.1
Project("{8BC9CEB8-8B4A-11D0-8D11-00A0C91BC942}") = "base", "base.vcxproj", "{14679E2B-E0C1-4038-AAF1-F7E491233A9F}"
EndProject
Project("{8BC9CEB8-8B4A-11D0-8D11-00A0C91BC942}") = "baseTest", "..\baseTest\baseTest.vcxproj", "{FA2D9E39-CF12-4012-AB11-C48145DE5769}"
	ProjectSection(ProjectDependencies) = postProject
		{14679E2B-E0C1-4038-AAF1-F7E491233A9F} = {14679E2B-E0C1-4038-AAF1-F7E491233A9F}
	EndProjectSection
EndProject
Global
	GlobalSection(SolutionConfigurationPlatforms) = preSolution
		Debug|x64 = Debug|x64
		Release|x64 = Release|x64
	EndGlobalSection
	GlobalSection(ProjectConfigurationPlatforms) = postSolution
		{14679E2B-E0C1-4038-AAF1-F7E491233A9F}.Debug|x64.ActiveCfg = Debug|x64
		{14679E2B-E0C1-4038-AAF1-F7E491233A9F}.Debug|x64.Build.0 = Debug|x64
		{14679E2B-E0C1-4038-AAF1-F7E491233A9F}.Release|x64.ActiveCfg = Release|x64
		{14679E2B-E0C1-4038-AAF1-F7E491233A9F}.Release|x64.Build.0 = Release|x64
		{FA2D9E39-CF12-4012-AB11-C48145DE5769}.Debug|x64.ActiveCfg = Debug|x64
		{FA2D9E39-CF12-4012-AB11-C48145DE5769}.Debug|x64.Build.0 = Debug|x64
		{FA2D9E39-CF12-4012-AB11-C48145DE5769}.Release|x64.ActiveCfg = Release|x64
		{FA2D9E39-CF12-4012-AB11-C48145DE5769}.Release|x64.Build.0 = Release|x64
	EndGlobalSection
	GlobalSection(SolutionProperties) = preSolution
		HideSolutionNode = FALSE
	EndGlobalSection
	GlobalSection(ExtensibilityGlobals) = postSolution
		SolutionGuid = {495C81DD-DE37-43FA-87D4-9C1D2FE88776}
	EndGlobalSection
EndGlobal
